{"name":"fixture-harness","version":"1.0.0","lockfileVersion":3,"packages":{"":{"name":"fixture-harness","version":"1.0.0","engines":{"node":">=22.18.0"},"dependencies":{"fixture-runtime":"1.0.0"},"devDependencies":{"fixture-development":"2.0.0"},"optionalDependencies":{"fixture-optional":"3.0.0"}}}}